
Microsoft Visual Studio Solution File, Format Version 12.00
# Visual Studio 14
VisualStudioVersion = 14.0.25420.1
MinimumVisualStudioVersion = 10.0.40219.1
Project("{FAE04EC0-301F-11D3-BF4B-00C04F79EFBC}") = "Xam.Test", "Xam.Test\Xam.Test\Xam.Test.csproj", "{19B2EF6D-4B10-4791-8F5C-2B9059ED7A31}"
EndProject
Project("{FAE04EC0-301F-11D3-BF4B-00C04F79EFBC}") = "Xam.Test.Droid", "Xam.Test\Xam.Test.Droid\Xam.Test.Droid.csproj", "{8AE92F79-54F7-4E9F-AAB5-522BFEADD0D2}"
EndProject
Project("{FAE04EC0-301F-11D3-BF4B-00C04F79EFBC}") = "Xam.Test.iOS", "Xam.Test\Xam.Test.iOS\Xam.Test.iOS.csproj", "{175BF02F-4D07-436F-B45F-44E50069CA5F}"
EndProject
Project("{FAE04EC0-301F-11D3-BF4B-00C04F79EFBC}") = "Xam.Test.WinPhone", "Xam.Test\Xam.Test.WinPhone\Xam.Test.WinPhone.csproj", "{C1A93BE9-EA9B-4332-8671-035321F148C8}"
EndProject
Project("{FAE04EC0-301F-11D3-BF4B-00C04F79EFBC}") = "Xam.Test.Windows", "Xam.Test\Xam.Test.Windows\Xam.Test.Windows.csproj", "{46635FED-39AB-4B4A-831F-13EF3706DCC5}"
EndProject
Global
	GlobalSection(SolutionConfigurationPlatforms) = preSolution
		Ad-Hoc|Any CPU = Ad-Hoc|Any CPU
		Ad-Hoc|ARM = Ad-Hoc|ARM
		Ad-Hoc|iPhone = Ad-Hoc|iPhone
		Ad-Hoc|iPhoneSimulator = Ad-Hoc|iPhoneSimulator
		Ad-Hoc|x64 = Ad-Hoc|x64
		Ad-Hoc|x86 = Ad-Hoc|x86
		AppStore|Any CPU = AppStore|Any CPU
		AppStore|ARM = AppStore|ARM
		AppStore|iPhone = AppStore|iPhone
		AppStore|iPhoneSimulator = AppStore|iPhoneSimulator
		AppStore|x64 = AppStore|x64
		AppStore|x86 = AppStore|x86
		Debug|Any CPU = Debug|Any CPU
		Debug|ARM = Debug|ARM
		Debug|iPhone = Debug|iPhone
		Debug|iPhoneSimulator = Debug|iPhoneSimulator
		Debug|x64 = Debug|x64
		Debug|x86 = Debug|x86
		Release|Any CPU = Release|Any CPU
		Release|ARM = Release|ARM
		Release|iPhone = Release|iPhone
		Release|iPhoneSimulator = Release|iPhoneSimulator
		Release|x64 = Release|x64
		Release|x86 = Release|x86
	EndGlobalSection
	GlobalSection(ProjectConfigurationPlatforms) = postSolution
		{19B2EF6D-4B10-4791-8F5C-2B9059ED7A31}.Ad-Hoc|Any CPU.ActiveCfg = Release|Any CPU
		{19B2EF6D-4B10-4791-8F5C-2B9059ED7A31}.Ad-Hoc|Any CPU.Build.0 = Release|Any CPU
		{19B2EF6D-4B10-4791-8F5C-2B9059ED7A31}.Ad-Hoc|ARM.ActiveCfg = Release|Any CPU
		{19B2EF6D-4B10-4791-8F5C-2B9059ED7A31}.Ad-Hoc|ARM.Build.0 = Release|Any CPU
		{19B2EF6D-4B10-4791-8F5C-2B9059ED7A31}.Ad-Hoc|iPhone.ActiveCfg = Release|Any CPU
		{19B2EF6D-4B10-4791-8F5C-2B9059ED7A31}.Ad-Hoc|iPhone.Build.0 = Release|Any CPU
		{19B2EF6D-4B10-4791-8F5C-2B9059ED7A31}.Ad-Hoc|iPhoneSimulator.ActiveCfg = Release|Any CPU
		{19B2EF6D-4B10-4791-8F5C-2B9059ED7A31}.Ad-Hoc|iPhoneSimulator.Build.0 = Release|Any CPU
		{19B2EF6D-4B10-4791-8F5C-2B9059ED7A31}.Ad-Hoc|x64.ActiveCfg = Release|Any CPU
		{19B2EF6D-4B10-4791-8F5C-2B9059ED7A31}.Ad-Hoc|x64.Build.0 = Release|Any CPU
		{19B2EF6D-4B10-4791-8F5C-2B9059ED7A31}.Ad-Hoc|x86.ActiveCfg = Release|Any CPU
		{19B2EF6D-4B10-4791-8F5C-2B9059ED7A31}.Ad-Hoc|x86.Build.0 = Release|Any CPU
		{19B2EF6D-4B10-4791-8F5C-2B9059ED7A31}.AppStore|Any CPU.ActiveCfg = Release|Any CPU
		{19B2EF6D-4B10-4791-8F5C-2B9059ED7A31}.AppStore|Any CPU.Build.0 = Release|Any CPU
		{19B2EF6D-4B10-4791-8F5C-2B9059ED7A31}.AppStore|ARM.ActiveCfg = Release|Any CPU
		{19B2EF6D-4B10-4791-8F5C-2B9059ED7A31}.AppStore|ARM.Build.0 = Release|Any CPU
		{19B2EF6D-4B10-4791-8F5C-2B9059ED7A31}.AppStore|iPhone.ActiveCfg = Release|Any CPU
		{19B2EF6D-4B10-4791-8F5C-2B9059ED7A31}.AppStore|iPhone.Build.0 = Release|Any CPU
		{19B2EF6D-4B10-4791-8F5C-2B9059ED7A31}.AppStore|iPhoneSimulator.ActiveCfg = Release|Any CPU
		{19B2EF6D-4B10-4791-8F5C-2B9059ED7A31}.AppStore|iPhoneSimulator.Build.0 = Release|Any CPU
		{19B2EF6D-4B10-4791-8F5C-2B9059ED7A31}.AppStore|x64.ActiveCfg = Release|Any CPU
		{19B2EF6D-4B10-4791-8F5C-2B9059ED7A31}.AppStore|x64.Build.0 = Release|Any CPU
		{19B2EF6D-4B10-4791-8F5C-2B9059ED7A31}.AppStore|x86.ActiveCfg = Release|Any CPU
		{19B2EF6D-4B10-4791-8F5C-2B9059ED7A31}.AppStore|x86.Build.0 = Release|Any CPU
		{19B2EF6D-4B10-4791-8F5C-2B9059ED7A31}.Debug|Any CPU.ActiveCfg = Debug|Any CPU
		{19B2EF6D-4B10-4791-8F5C-2B9059ED7A31}.Debug|Any CPU.Build.0 = Debug|Any CPU
		{19B2EF6D-4B10-4791-8F5C-2B9059ED7A31}.Debug|ARM.ActiveCfg = Debug|Any CPU
		{19B2EF6D-4B10-4791-8F5C-2B9059ED7A31}.Debug|ARM.Build.0 = Debug|Any CPU
		{19B2EF6D-4B10-4791-8F5C-2B9059ED7A31}.Debug|iPhone.ActiveCfg = Debug|Any CPU
		{19B2EF6D-4B10-4791-8F5C-2B9059ED7A31}.Debug|iPhone.Build.0 = Debug|Any CPU
		{19B2EF6D-4B10-4791-8F5C-2B9059ED7A31}.Debug|iPhoneSimulator.ActiveCfg = Debug|Any CPU
		{19B2EF6D-4B10-4791-8F5C-2B9059ED7A31}.Debug|iPhoneSimulator.Build.0 = Debug|Any CPU
		{19B2EF6D-4B10-4791-8F5C-2B9059ED7A31}.Debug|x64.ActiveCfg = Debug|Any CPU
		{19B2EF6D-4B10-4791-8F5C-2B9059ED7A31}.Debug|x64.Build.0 = Debug|Any CPU
		{19B2EF6D-4B10-4791-8F5C-2B9059ED7A31}.Debug|x86.ActiveCfg = Debug|Any CPU
		{19B2EF6D-4B10-4791-8F5C-2B9059ED7A31}.Debug|x86.Build.0 = Debug|Any CPU
		{19B2EF6D-4B10-4791-8F5C-2B9059ED7A31}.Release|Any CPU.ActiveCfg = Release|Any CPU
		{19B2EF6D-4B10-4791-8F5C-2B9059ED7A31}.Release|Any CPU.Build.0 = Release|Any CPU
		{19B2EF6D-4B10-4791-8F5C-2B9059ED7A31}.Release|ARM.ActiveCfg = Release|Any CPU
		{19B2EF6D-4B10-4791-8F5C-2B9059ED7A31}.Release|ARM.Build.0 = Release|Any CPU
		{19B2EF6D-4B10-4791-8F5C-2B9059ED7A31}.Release|iPhone.ActiveCfg = Release|Any CPU
		{19B2EF6D-4B10-4791-8F5C-2B9059ED7A31}.Release|iPhone.Build.0 = Release|Any CPU
		{19B2EF6D-4B10-4791-8F5C-2B9059ED7A31}.Release|iPhoneSimulator.ActiveCfg = Release|Any CPU
		{19B2EF6D-4B10-4791-8F5C-2B9059ED7A31}.Release|iPhoneSimulator.Build.0 = Release|Any CPU
		{19B2EF6D-4B10-4791-8F5C-2B9059ED7A31}.Release|x64.ActiveCfg = Release|Any CPU
		{19B2EF6D-4B10-4791-8F5C-2B9059ED7A31}.Release|x64.Build.0 = Release|Any CPU
		{19B2EF6D-4B10-4791-8F5C-2B9059ED7A31}.Release|x86.ActiveCfg = Release|Any CPU
		{19B2EF6D-4B10-4791-8F5C-2B9059ED7A31}.Release|x86.Build.0 = Release|Any CPU
		{8AE92F79-54F7-4E9F-AAB5-522BFEADD0D2}.Ad-Hoc|Any CPU.ActiveCfg = Release|Any CPU
		{8AE92F79-54F7-4E9F-AAB5-522BFEADD0D2}.Ad-Hoc|Any CPU.Build.0 = Release|Any CPU
		{8AE92F79-54F7-4E9F-AAB5-522BFEADD0D2}.Ad-Hoc|Any CPU.Deploy.0 = Release|Any CPU
		{8AE92F79-54F7-4E9F-AAB5-522BFEADD0D2}.Ad-Hoc|ARM.ActiveCfg = Release|Any CPU
		{8AE92F79-54F7-4E9F-AAB5-522BFEADD0D2}.Ad-Hoc|ARM.Build.0 = Release|Any CPU
		{8AE92F79-54F7-4E9F-AAB5-522BFEADD0D2}.Ad-Hoc|ARM.Deploy.0 = Release|Any CPU
		{8AE92F79-54F7-4E9F-AAB5-522BFEADD0D2}.Ad-Hoc|iPhone.ActiveCfg = Release|Any CPU
		{8AE92F79-54F7-4E9F-AAB5-522BFEADD0D2}.Ad-Hoc|iPhone.Build.0 = Release|Any CPU
		{8AE92F79-54F7-4E9F-AAB5-522BFEADD0D2}.Ad-Hoc|iPhone.Deploy.0 = Release|Any CPU
		{8AE92F79-54F7-4E9F-AAB5-522BFEADD0D2}.Ad-Hoc|iPhoneSimulator.ActiveCfg = Release|Any CPU
		{8AE92F79-54F7-4E9F-AAB5-522BFEADD0D2}.Ad-Hoc|iPhoneSimulator.Build.0 = Release|Any CPU
		{8AE92F79-54F7-4E9F-AAB5-522BFEADD0D2}.Ad-Hoc|iPhoneSimulator.Deploy.0 = Release|Any CPU
		{8AE92F79-54F7-4E9F-AAB5-522BFEADD0D2}.Ad-Hoc|x64.ActiveCfg = Release|Any CPU
		{8AE92F79-54F7-4E9F-AAB5-522BFEADD0D2}.Ad-Hoc|x64.Build.0 = Release|Any CPU
		{8AE92F79-54F7-4E9F-AAB5-522BFEADD0D2}.Ad-Hoc|x64.Deploy.0 = Release|Any CPU
		{8AE92F79-54F7-4E9F-AAB5-522BFEADD0D2}.Ad-Hoc|x86.ActiveCfg = Release|Any CPU
		{8AE92F79-54F7-4E9F-AAB5-522BFEADD0D2}.Ad-Hoc|x86.Build.0 = Release|Any CPU
		{8AE92F79-54F7-4E9F-AAB5-522BFEADD0D2}.Ad-Hoc|x86.Deploy.0 = Release|Any CPU
		{8AE92F79-54F7-4E9F-AAB5-522BFEADD0D2}.AppStore|Any CPU.ActiveCfg = Release|Any CPU
		{8AE92F79-54F7-4E9F-AAB5-522BFEADD0D2}.AppStore|Any CPU.Build.0 = Release|Any CPU
		{8AE92F79-54F7-4E9F-AAB5-522BFEADD0D2}.AppStore|Any CPU.Deploy.0 = Release|Any CPU
		{8AE92F79-54F7-4E9F-AAB5-522BFEADD0D2}.AppStore|ARM.ActiveCfg = Release|Any CPU
		{8AE92F79-54F7-4E9F-AAB5-522BFEADD0D2}.AppStore|ARM.Build.0 = Release|Any CPU
		{8AE92F79-54F7-4E9F-AAB5-522BFEADD0D2}.AppStore|ARM.Deploy.0 = Release|Any CPU
		{8AE92F79-54F7-4E9F-AAB5-522BFEADD0D2}.AppStore|iPhone.ActiveCfg = Release|Any CPU
		{8AE92F79-54F7-4E9F-AAB5-522BFEADD0D2}.AppStore|iPhone.Build.0 = Release|Any CPU
		{8AE92F79-54F7-4E9F-AAB5-522BFEADD0D2}.AppStore|iPhone.Deploy.0 = Release|Any CPU
		{8AE92F79-54F7-4E9F-AAB5-522BFEADD0D2}.AppStore|iPhoneSimulator.ActiveCfg = Release|Any CPU
		{8AE92F79-54F7-4E9F-AAB5-522BFEADD0D2}.AppStore|iPhoneSimulator.Build.0 = Release|Any CPU
		{8AE92F79-54F7-4E9F-AAB5-522BFEADD0D2}.AppStore|iPhoneSimulator.Deploy.0 = Release|Any CPU
		{8AE92F79-54F7-4E9F-AAB5-522BFEADD0D2}.AppStore|x64.ActiveCfg = Release|Any CPU
		{8AE92F79-54F7-4E9F-AAB5-522BFEADD0D2}.AppStore|x64.Build.0 = Release|Any CPU
		{8AE92F79-54F7-4E9F-AAB5-522BFEADD0D2}.AppStore|x64.Deploy.0 = Release|Any CPU
		{8AE92F79-54F7-4E9F-AAB5-522BFEADD0D2}.AppStore|x86.ActiveCfg = Release|Any CPU
		{8AE92F79-54F7-4E9F-AAB5-522BFEADD0D2}.AppStore|x86.Build.0 = Release|Any CPU
		{8AE92F79-54F7-4E9F-AAB5-522BFEADD0D2}.AppStore|x86.Deploy.0 = Release|Any CPU
		{8AE92F79-54F7-4E9F-AAB5-522BFEADD0D2}.Debug|Any CPU.ActiveCfg = Debug|Any CPU
		{8AE92F79-54F7-4E9F-AAB5-522BFEADD0D2}.Debug|Any CPU.Build.0 = Debug|Any CPU
		{8AE92F79-54F7-4E9F-AAB5-522BFEADD0D2}.Debug|Any CPU.Deploy.0 = Debug|Any CPU
		{8AE92F79-54F7-4E9F-AAB5-522BFEADD0D2}.Debug|ARM.ActiveCfg = Debug|Any CPU
		{8AE92F79-54F7-4E9F-AAB5-522BFEADD0D2}.Debug|ARM.Build.0 = Debug|Any CPU
		{8AE92F79-54F7-4E9F-AAB5-522BFEADD0D2}.Debug|ARM.Deploy.0 = Debug|Any CPU
		{8AE92F79-54F7-4E9F-AAB5-522BFEADD0D2}.Debug|iPhone.ActiveCfg = Debug|Any CPU
		{8AE92F79-54F7-4E9F-AAB5-522BFEADD0D2}.Debug|iPhone.Build.0 = Debug|Any CPU
		{8AE92F79-54F7-4E9F-AAB5-522BFEADD0D2}.Debug|iPhone.Deploy.0 = Debug|Any CPU
		{8AE92F79-54F7-4E9F-AAB5-522BFEADD0D2}.Debug|iPhoneSimulator.ActiveCfg = Debug|Any CPU
		{8AE92F79-54F7-4E9F-AAB5-522BFEADD0D2}.Debug|iPhoneSimulator.Build.0 = Debug|Any CPU
		{8AE92F79-54F7-4E9F-AAB5-522BFEADD0D2}.Debug|iPhoneSimulator.Deploy.0 = Debug|Any CPU
		{8AE92F79-54F7-4E9F-AAB5-522BFEADD0D2}.Debug|x64.ActiveCfg = Debug|Any CPU
		{8AE92F79-54F7-4E9F-AAB5-522BFEADD0D2}.Debug|x64.Build.0 = Debug|Any CPU
		{8AE92F79-54F7-4E9F-AAB5-522BFEADD0D2}.Debug|x64.Deploy.0 = Debug|Any CPU
		{8AE92F79-54F7-4E9F-AAB5-522BFEADD0D2}.Debug|x86.ActiveCfg = Debug|Any CPU
		{8AE92F79-54F7-4E9F-AAB5-522BFEADD0D2}.Debug|x86.Build.0 = Debug|Any CPU
		{8AE92F79-54F7-4E9F-AAB5-522BFEADD0D2}.Debug|x86.Deploy.0 = Debug|Any CPU
		{8AE92F79-54F7-4E9F-AAB5-522BFEADD0D2}.Release|Any CPU.ActiveCfg = Release|Any CPU
		{8AE92F79-54F7-4E9F-AAB5-522BFEADD0D2}.Release|Any CPU.Build.0 = Release|Any CPU
		{8AE92F79-54F7-4E9F-AAB5-522BFEADD0D2}.Release|Any CPU.Deploy.0 = Release|Any CPU
		{8AE92F79-54F7-4E9F-AAB5-522BFEADD0D2}.Release|ARM.ActiveCfg = Release|Any CPU
		{8AE92F79-54F7-4E9F-AAB5-522BFEADD0D2}.Release|ARM.Build.0 = Release|Any CPU
		{8AE92F79-54F7-4E9F-AAB5-522BFEADD0D2}.Release|ARM.Deploy.0 = Release|Any CPU
		{8AE92F79-54F7-4E9F-AAB5-522BFEADD0D2}.Release|iPhone.ActiveCfg = Release|Any CPU
		{8AE92F79-54F7-4E9F-AAB5-522BFEADD0D2}.Release|iPhone.Build.0 = Release|Any CPU
		{8AE92F79-54F7-4E9F-AAB5-522BFEADD0D2}.Release|iPhone.Deploy.0 = Release|Any CPU
		{8AE92F79-54F7-4E9F-AAB5-522BFEADD0D2}.Release|iPhoneSimulator.ActiveCfg = Release|Any CPU
		{8AE92F79-54F7-4E9F-AAB5-522BFEADD0D2}.Release|iPhoneSimulator.Build.0 = Release|Any CPU
		{8AE92F79-54F7-4E9F-AAB5-522BFEADD0D2}.Release|iPhoneSimulator.Deploy.0 = Release|Any CPU
		{8AE92F79-54F7-4E9F-AAB5-522BFEADD0D2}.Release|x64.ActiveCfg = Release|Any CPU
		{8AE92F79-54F7-4E9F-AAB5-522BFEADD0D2}.Release|x64.Build.0 = Release|Any CPU
		{8AE92F79-54F7-4E9F-AAB5-522BFEADD0D2}.Release|x64.Deploy.0 = Release|Any CPU
		{8AE92F79-54F7-4E9F-AAB5-522BFEADD0D2}.Release|x86.ActiveCfg = Release|Any CPU
		{8AE92F79-54F7-4E9F-AAB5-522BFEADD0D2}.Release|x86.Build.0 = Release|Any CPU
		{8AE92F79-54F7-4E9F-AAB5-522BFEADD0D2}.Release|x86.Deploy.0 = Release|Any CPU
		{175BF02F-4D07-436F-B45F-44E50069CA5F}.Ad-Hoc|Any CPU.ActiveCfg = Ad-Hoc|iPhone
		{175BF02F-4D07-436F-B45F-44E50069CA5F}.Ad-Hoc|ARM.ActiveCfg = Ad-Hoc|iPhone
		{175BF02F-4D07-436F-B45F-44E50069CA5F}.Ad-Hoc|iPhone.ActiveCfg = Ad-Hoc|iPhone
		{175BF02F-4D07-436F-B45F-44E50069CA5F}.Ad-Hoc|iPhone.Build.0 = Ad-Hoc|iPhone
		{175BF02F-4D07-436F-B45F-44E50069CA5F}.Ad-Hoc|iPhoneSimulator.ActiveCfg = Ad-Hoc|iPhoneSimulator
		{175BF02F-4D07-436F-B45F-44E50069CA5F}.Ad-Hoc|iPhoneSimulator.Build.0 = Ad-Hoc|iPhoneSimulator
		{175BF02F-4D07-436F-B45F-44E50069CA5F}.Ad-Hoc|x64.ActiveCfg = Ad-Hoc|iPhone
		{175BF02F-4D07-436F-B45F-44E50069CA5F}.Ad-Hoc|x86.ActiveCfg = Ad-Hoc|iPhone
		{175BF02F-4D07-436F-B45F-44E50069CA5F}.AppStore|Any CPU.ActiveCfg = AppStore|iPhone
		{175BF02F-4D07-436F-B45F-44E50069CA5F}.AppStore|ARM.ActiveCfg = AppStore|iPhone
		{175BF02F-4D07-436F-B45F-44E50069CA5F}.AppStore|iPhone.ActiveCfg = AppStore|iPhone
		{175BF02F-4D07-436F-B45F-44E50069CA5F}.AppStore|iPhone.Build.0 = AppStore|iPhone
		{175BF02F-4D07-436F-B45F-44E50069CA5F}.AppStore|iPhoneSimulator.ActiveCfg = AppStore|iPhoneSimulator
		{175BF02F-4D07-436F-B45F-44E50069CA5F}.AppStore|iPhoneSimulator.Build.0 = AppStore|iPhoneSimulator
		{175BF02F-4D07-436F-B45F-44E50069CA5F}.AppStore|x64.ActiveCfg = AppStore|iPhone
		{175BF02F-4D07-436F-B45F-44E50069CA5F}.AppStore|x86.ActiveCfg = AppStore|iPhone
		{175BF02F-4D07-436F-B45F-44E50069CA5F}.Debug|Any CPU.ActiveCfg = Debug|iPhone
		{175BF02F-4D07-436F-B45F-44E50069CA5F}.Debug|ARM.ActiveCfg = Debug|iPhone
		{175BF02F-4D07-436F-B45F-44E50069CA5F}.Debug|iPhone.ActiveCfg = Debug|iPhone
		{175BF02F-4D07-436F-B45F-44E50069CA5F}.Debug|iPhone.Build.0 = Debug|iPhone
		{175BF02F-4D07-436F-B45F-44E50069CA5F}.Debug|iPhoneSimulator.ActiveCfg = Debug|iPhoneSimulator
		{175BF02F-4D07-436F-B45F-44E50069CA5F}.Debug|iPhoneSimulator.Build.0 = Debug|iPhoneSimulator
		{175BF02F-4D07-436F-B45F-44E50069CA5F}.Debug|x64.ActiveCfg = Debug|iPhone
		{175BF02F-4D07-436F-B45F-44E50069CA5F}.Debug|x86.ActiveCfg = Debug|iPhone
		{175BF02F-4D07-436F-B45F-44E50069CA5F}.Release|Any CPU.ActiveCfg = Release|iPhone
		{175BF02F-4D07-436F-B45F-44E50069CA5F}.Release|ARM.ActiveCfg = Release|iPhone
		{175BF02F-4D07-436F-B45F-44E50069CA5F}.Release|iPhone.ActiveCfg = Release|iPhone
		{175BF02F-4D07-436F-B45F-44E50069CA5F}.Release|iPhone.Build.0 = Release|iPhone
		{175BF02F-4D07-436F-B45F-44E50069CA5F}.Release|iPhoneSimulator.ActiveCfg = Release|iPhoneSimulator
		{175BF02F-4D07-436F-B45F-44E50069CA5F}.Release|iPhoneSimulator.Build.0 = Release|iPhoneSimulator
		{175BF02F-4D07-436F-B45F-44E50069CA5F}.Release|x64.ActiveCfg = Release|iPhone
		{175BF02F-4D07-436F-B45F-44E50069CA5F}.Release|x86.ActiveCfg = Release|iPhone
		{C1A93BE9-EA9B-4332-8671-035321F148C8}.Ad-Hoc|Any CPU.ActiveCfg = Release|Any CPU
		{C1A93BE9-EA9B-4332-8671-035321F148C8}.Ad-Hoc|Any CPU.Build.0 = Release|Any CPU
		{C1A93BE9-EA9B-4332-8671-035321F148C8}.Ad-Hoc|Any CPU.Deploy.0 = Release|Any CPU
		{C1A93BE9-EA9B-4332-8671-035321F148C8}.Ad-Hoc|ARM.ActiveCfg = Release|ARM
		{C1A93BE9-EA9B-4332-8671-035321F148C8}.Ad-Hoc|ARM.Build.0 = Release|ARM
		{C1A93BE9-EA9B-4332-8671-035321F148C8}.Ad-Hoc|ARM.Deploy.0 = Release|ARM
		{C1A93BE9-EA9B-4332-8671-035321F148C8}.Ad-Hoc|iPhone.ActiveCfg = Release|Any CPU
		{C1A93BE9-EA9B-4332-8671-035321F148C8}.Ad-Hoc|iPhone.Build.0 = Release|Any CPU
		{C1A93BE9-EA9B-4332-8671-035321F148C8}.Ad-Hoc|iPhone.Deploy.0 = Release|Any CPU
		{C1A93BE9-EA9B-4332-8671-035321F148C8}.Ad-Hoc|iPhoneSimulator.ActiveCfg = Release|Any CPU
		{C1A93BE9-EA9B-4332-8671-035321F148C8}.Ad-Hoc|iPhoneSimulator.Build.0 = Release|Any CPU
		{C1A93BE9-EA9B-4332-8671-035321F148C8}.Ad-Hoc|iPhoneSimulator.Deploy.0 = Release|Any CPU
		{C1A93BE9-EA9B-4332-8671-035321F148C8}.Ad-Hoc|x64.ActiveCfg = Release|Any CPU
		{C1A93BE9-EA9B-4332-8671-035321F148C8}.Ad-Hoc|x64.Build.0 = Release|Any CPU
		{C1A93BE9-EA9B-4332-8671-035321F148C8}.Ad-Hoc|x64.Deploy.0 = Release|Any CPU
		{C1A93BE9-EA9B-4332-8671-035321F148C8}.Ad-Hoc|x86.ActiveCfg = Release|x86
		{C1A93BE9-EA9B-4332-8671-035321F148C8}.Ad-Hoc|x86.Build.0 = Release|x86
		{C1A93BE9-EA9B-4332-8671-035321F148C8}.Ad-Hoc|x86.Deploy.0 = Release|x86
		{C1A93BE9-EA9B-4332-8671-035321F148C8}.AppStore|Any CPU.ActiveCfg = Release|Any CPU
		{C1A93BE9-EA9B-4332-8671-035321F148C8}.AppStore|Any CPU.Build.0 = Release|Any CPU
		{C1A93BE9-EA9B-4332-8671-035321F148C8}.AppStore|Any CPU.Deploy.0 = Release|Any CPU
		{C1A93BE9-EA9B-4332-8671-035321F148C8}.AppStore|ARM.ActiveCfg = Release|ARM
		{C1A93BE9-EA9B-4332-8671-035321F148C8}.AppStore|ARM.Build.0 = Release|ARM
		{C1A93BE9-EA9B-4332-8671-035321F148C8}.AppStore|ARM.Deploy.0 = Release|ARM
		{C1A93BE9-EA9B-4332-8671-035321F148C8}.AppStore|iPhone.ActiveCfg = Release|Any CPU
		{C1A93BE9-EA9B-4332-8671-035321F148C8}.AppStore|iPhone.Build.0 = Release|Any CPU
		{C1A93BE9-EA9B-4332-8671-035321F148C8}.AppStore|iPhone.Deploy.0 = Release|Any CPU
		{C1A93BE9-EA9B-4332-8671-035321F148C8}.AppStore|iPhoneSimulator.ActiveCfg = Release|Any CPU
		{C1A93BE9-EA9B-4332-8671-035321F148C8}.AppStore|iPhoneSimulator.Build.0 = Release|Any CPU
		{C1A93BE9-EA9B-4332-8671-035321F148C8}.AppStore|iPhoneSimulator.Deploy.0 = Release|Any CPU
		{C1A93BE9-EA9B-4332-8671-035321F148C8}.AppStore|x64.ActiveCfg = Release|Any CPU
		{C1A93BE9-EA9B-4332-8671-035321F148C8}.AppStore|x64.Build.0 = Release|Any CPU
		{C1A93BE9-EA9B-4332-8671-035321F148C8}.AppStore|x64.Deploy.0 = Release|Any CPU
		{C1A93BE9-EA9B-4332-8671-035321F148C8}.AppStore|x86.ActiveCfg = Release|x86
		{C1A93BE9-EA9B-4332-8671-035321F148C8}.AppStore|x86.Build.0 = Release|x86
		{C1A93BE9-EA9B-4332-8671-035321F148C8}.AppStore|x86.Deploy.0 = Release|x86
		{C1A93BE9-EA9B-4332-8671-035321F148C8}.Debug|Any CPU.ActiveCfg = Debug|Any CPU
		{C1A93BE9-EA9B-4332-8671-035321F148C8}.Debug|Any CPU.Build.0 = Debug|Any CPU
		{C1A93BE9-EA9B-4332-8671-035321F148C8}.Debug|Any CPU.Deploy.0 = Debug|Any CPU
		{C1A93BE9-EA9B-4332-8671-035321F148C8}.Debug|ARM.ActiveCfg = Debug|ARM
		{C1A93BE9-EA9B-4332-8671-035321F148C8}.Debug|ARM.Build.0 = Debug|ARM
		{C1A93BE9-EA9B-4332-8671-035321F148C8}.Debug|ARM.Deploy.0 = Debug|ARM
		{C1A93BE9-EA9B-4332-8671-035321F148C8}.Debug|iPhone.ActiveCfg = Debug|Any CPU
		{C1A93BE9-EA9B-4332-8671-035321F148C8}.Debug|iPhone.Build.0 = Debug|Any CPU
		{C1A93BE9-EA9B-4332-8671-035321F148C8}.Debug|iPhone.Deploy.0 = Debug|Any CPU
		{C1A93BE9-EA9B-4332-8671-035321F148C8}.Debug|iPhoneSimulator.ActiveCfg = Debug|Any CPU
		{C1A93BE9-EA9B-4332-8671-035321F148C8}.Debug|iPhoneSimulator.Build.0 = Debug|Any CPU
		{C1A93BE9-EA9B-4332-8671-035321F148C8}.Debug|iPhoneSimulator.Deploy.0 = Debug|Any CPU
		{C1A93BE9-EA9B-4332-8671-035321F148C8}.Debug|x64.ActiveCfg = Debug|Any CPU
		{C1A93BE9-EA9B-4332-8671-035321F148C8}.Debug|x64.Build.0 = Debug|Any CPU
		{C1A93BE9-EA9B-4332-8671-035321F148C8}.Debug|x64.Deploy.0 = Debug|Any CPU
		{C1A93BE9-EA9B-4332-8671-035321F148C8}.Debug|x86.ActiveCfg = Debug|x86
		{C1A93BE9-EA9B-4332-8671-035321F148C8}.Debug|x86.Build.0 = Debug|x86
		{C1A93BE9-EA9B-4332-8671-035321F148C8}.Debug|x86.Deploy.0 = Debug|x86
		{C1A93BE9-EA9B-4332-8671-035321F148C8}.Release|Any CPU.ActiveCfg = Release|Any CPU
		{C1A93BE9-EA9B-4332-8671-035321F148C8}.Release|Any CPU.Build.0 = Release|Any CPU
		{C1A93BE9-EA9B-4332-8671-035321F148C8}.Release|Any CPU.Deploy.0 = Release|Any CPU
		{C1A93BE9-EA9B-4332-8671-035321F148C8}.Release|ARM.ActiveCfg = Release|ARM
		{C1A93BE9-EA9B-4332-8671-035321F148C8}.Release|ARM.Build.0 = Release|ARM
		{C1A93BE9-EA9B-4332-8671-035321F148C8}.Release|ARM.Deploy.0 = Release|ARM
		{C1A93BE9-EA9B-4332-8671-035321F148C8}.Release|iPhone.ActiveCfg = Release|Any CPU
		{C1A93BE9-EA9B-4332-8671-035321F148C8}.Release|iPhone.Build.0 = Release|Any CPU
		{C1A93BE9-EA9B-4332-8671-035321F148C8}.Release|iPhone.Deploy.0 = Release|Any CPU
		{C1A93BE9-EA9B-4332-8671-035321F148C8}.Release|iPhoneSimulator.ActiveCfg = Release|Any CPU
		{C1A93BE9-EA9B-4332-8671-035321F148C8}.Release|iPhoneSimulator.Build.0 = Release|Any CPU
		{C1A93BE9-EA9B-4332-8671-035321F148C8}.Release|iPhoneSimulator.Deploy.0 = Release|Any CPU
		{C1A93BE9-EA9B-4332-8671-035321F148C8}.Release|x64.ActiveCfg = Release|Any CPU
		{C1A93BE9-EA9B-4332-8671-035321F148C8}.Release|x64.Build.0 = Release|Any CPU
		{C1A93BE9-EA9B-4332-8671-035321F148C8}.Release|x64.Deploy.0 = Release|Any CPU
		{C1A93BE9-EA9B-4332-8671-035321F148C8}.Release|x86.ActiveCfg = Release|x86
		{C1A93BE9-EA9B-4332-8671-035321F148C8}.Release|x86.Build.0 = Release|x86
		{C1A93BE9-EA9B-4332-8671-035321F148C8}.Release|x86.Deploy.0 = Release|x86
		{46635FED-39AB-4B4A-831F-13EF3706DCC5}.Ad-Hoc|Any CPU.ActiveCfg = Release|Any CPU
		{46635FED-39AB-4B4A-831F-13EF3706DCC5}.Ad-Hoc|Any CPU.Build.0 = Release|Any CPU
		{46635FED-39AB-4B4A-831F-13EF3706DCC5}.Ad-Hoc|Any CPU.Deploy.0 = Release|Any CPU
		{46635FED-39AB-4B4A-831F-13EF3706DCC5}.Ad-Hoc|ARM.ActiveCfg = Release|ARM
		{46635FED-39AB-4B4A-831F-13EF3706DCC5}.Ad-Hoc|ARM.Build.0 = Release|ARM
		{46635FED-39AB-4B4A-831F-13EF3706DCC5}.Ad-Hoc|ARM.Deploy.0 = Release|ARM
		{46635FED-39AB-4B4A-831F-13EF3706DCC5}.Ad-Hoc|iPhone.ActiveCfg = Release|Any CPU
		{46635FED-39AB-4B4A-831F-13EF3706DCC5}.Ad-Hoc|iPhone.Build.0 = Release|Any CPU
		{46635FED-39AB-4B4A-831F-13EF3706DCC5}.Ad-Hoc|iPhone.Deploy.0 = Release|Any CPU
		{46635FED-39AB-4B4A-831F-13EF3706DCC5}.Ad-Hoc|iPhoneSimulator.ActiveCfg = Release|Any CPU
		{46635FED-39AB-4B4A-831F-13EF3706DCC5}.Ad-Hoc|iPhoneSimulator.Build.0 = Release|Any CPU
		{46635FED-39AB-4B4A-831F-13EF3706DCC5}.Ad-Hoc|iPhoneSimulator.Deploy.0 = Release|Any CPU
		{46635FED-39AB-4B4A-831F-13EF3706DCC5}.Ad-Hoc|x64.ActiveCfg = Release|x64
		{46635FED-39AB-4B4A-831F-13EF3706DCC5}.Ad-Hoc|x64.Build.0 = Release|x64
		{46635FED-39AB-4B4A-831F-13EF3706DCC5}.Ad-Hoc|x64.Deploy.0 = Release|x64
		{46635FED-39AB-4B4A-831F-13EF3706DCC5}.Ad-Hoc|x86.ActiveCfg = Release|x86
		{46635FED-39AB-4B4A-831F-13EF3706DCC5}.Ad-Hoc|x86.Build.0 = Release|x86
		{46635FED-39AB-4B4A-831F-13EF3706DCC5}.Ad-Hoc|x86.Deploy.0 = Release|x86
		{46635FED-39AB-4B4A-831F-13EF3706DCC5}.AppStore|Any CPU.ActiveCfg = Release|Any CPU
		{46635FED-39AB-4B4A-831F-13EF3706DCC5}.AppStore|Any CPU.Build.0 = Release|Any CPU
		{46635FED-39AB-4B4A-831F-13EF3706DCC5}.AppStore|Any CPU.Deploy.0 = Release|Any CPU
		{46635FED-39AB-4B4A-831F-13EF3706DCC5}.AppStore|ARM.ActiveCfg = Release|ARM
		{46635FED-39AB-4B4A-831F-13EF3706DCC5}.AppStore|ARM.Build.0 = Release|ARM
		{46635FED-39AB-4B4A-831F-13EF3706DCC5}.AppStore|ARM.Deploy.0 = Release|ARM
		{46635FED-39AB-4B4A-831F-13EF3706DCC5}.AppStore|iPhone.ActiveCfg = Release|Any CPU
		{46635FED-39AB-4B4A-831F-13EF3706DCC5}.AppStore|iPhone.Build.0 = Release|Any CPU
		{46635FED-39AB-4B4A-831F-13EF3706DCC5}.AppStore|iPhone.Deploy.0 = Release|Any CPU
		{46635FED-39AB-4B4A-831F-13EF3706DCC5}.AppStore|iPhoneSimulator.ActiveCfg = Release|Any CPU
		{46635FED-39AB-4B4A-831F-13EF3706DCC5}.AppStore|iPhoneSimulator.Build.0 = Release|Any CPU
		{46635FED-39AB-4B4A-831F-13EF3706DCC5}.AppStore|iPhoneSimulator.Deploy.0 = Release|Any CPU
		{46635FED-39AB-4B4A-831F-13EF3706DCC5}.AppStore|x64.ActiveCfg = Release|x64
		{46635FED-39AB-4B4A-831F-13EF3706DCC5}.AppStore|x64.Build.0 = Release|x64
		{46635FED-39AB-4B4A-831F-13EF3706DCC5}.AppStore|x64.Deploy.0 = Release|x64
		{46635FED-39AB-4B4A-831F-13EF3706DCC5}.AppStore|x86.ActiveCfg = Release|x86
		{46635FED-39AB-4B4A-831F-13EF3706DCC5}.AppStore|x86.Build.0 = Release|x86
		{46635FED-39AB-4B4A-831F-13EF3706DCC5}.AppStore|x86.Deploy.0 = Release|x86
		{46635FED-39AB-4B4A-831F-13EF3706DCC5}.Debug|Any CPU.ActiveCfg = Debug|Any CPU
		{46635FED-39AB-4B4A-831F-13EF3706DCC5}.Debug|Any CPU.Build.0 = Debug|Any CPU
		{46635FED-39AB-4B4A-831F-13EF3706DCC5}.Debug|Any CPU.Deploy.0 = Debug|Any CPU
		{46635FED-39AB-4B4A-831F-13EF3706DCC5}.Debug|ARM.ActiveCfg = Debug|ARM
		{46635FED-39AB-4B4A-831F-13EF3706DCC5}.Debug|ARM.Build.0 = Debug|ARM
		{46635FED-39AB-4B4A-831F-13EF3706DCC5}.Debug|ARM.Deploy.0 = Debug|ARM
		{46635FED-39AB-4B4A-831F-13EF3706DCC5}.Debug|iPhone.ActiveCfg = Debug|Any CPU
		{46635FED-39AB-4B4A-831F-13EF3706DCC5}.Debug|iPhone.Build.0 = Debug|Any CPU
		{46635FED-39AB-4B4A-831F-13EF3706DCC5}.Debug|iPhone.Deploy.0 = Debug|Any CPU
		{46635FED-39AB-4B4A-831F-13EF3706DCC5}.Debug|iPhoneSimulator.ActiveCfg = Debug|Any CPU
		{46635FED-39AB-4B4A-831F-13EF3706DCC5}.Debug|iPhoneSimulator.Build.0 = Debug|Any CPU
		{46635FED-39AB-4B4A-831F-13EF3706DCC5}.Debug|iPhoneSimulator.Deploy.0 = Debug|Any CPU
		{46635FED-39AB-4B4A-831F-13EF3706DCC5}.Debug|x64.ActiveCfg = Debug|x64
		{46635FED-39AB-4B4A-831F-13EF3706DCC5}.Debug|x64.Build.0 = Debug|x64
		{46635FED-39AB-4B4A-831F-13EF3706DCC5}.Debug|x64.Deploy.0 = Debug|x64
		{46635FED-39AB-4B4A-831F-13EF3706DCC5}.Debug|x86.ActiveCfg = Debug|x86
		{46635FED-39AB-4B4A-831F-13EF3706DCC5}.Debug|x86.Build.0 = Debug|x86
		{46635FED-39AB-4B4A-831F-13EF3706DCC5}.Debug|x86.Deploy.0 = Debug|x86
		{46635FED-39AB-4B4A-831F-13EF3706DCC5}.Release|Any CPU.ActiveCfg = Release|Any CPU
		{46635FED-39AB-4B4A-831F-13EF3706DCC5}.Release|Any CPU.Build.0 = Release|Any CPU
		{46635FED-39AB-4B4A-831F-13EF3706DCC5}.Release|Any CPU.Deploy.0 = Release|Any CPU
		{46635FED-39AB-4B4A-831F-13EF3706DCC5}.Release|ARM.ActiveCfg = Release|ARM
		{46635FED-39AB-4B4A-831F-13EF3706DCC5}.Release|ARM.Build.0 = Release|ARM
		{46635FED-39AB-4B4A-831F-13EF3706DCC5}.Release|ARM.Deploy.0 = Release|ARM
		{46635FED-39AB-4B4A-831F-13EF3706DCC5}.Release|iPhone.ActiveCfg = Release|Any CPU
		{46635FED-39AB-4B4A-831F-13EF3706DCC5}.Release|iPhone.Build.0 = Release|Any CPU
		{46635FED-39AB-4B4A-831F-13EF3706DCC5}.Release|iPhone.Deploy.0 = Release|Any CPU
		{46635FED-39AB-4B4A-831F-13EF3706DCC5}.Release|iPhoneSimulator.ActiveCfg = Release|Any CPU
		{46635FED-39AB-4B4A-831F-13EF3706DCC5}.Release|iPhoneSimulator.Build.0 = Release|Any CPU
		{46635FED-39AB-4B4A-831F-13EF3706DCC5}.Release|iPhoneSimulator.Deploy.0 = Release|Any CPU
		{46635FED-39AB-4B4A-831F-13EF3706DCC5}.Release|x64.ActiveCfg = Release|x64
		{46635FED-39AB-4B4A-831F-13EF3706DCC5}.Release|x64.Build.0 = Release|x64
		{46635FED-39AB-4B4A-831F-13EF3706DCC5}.Release|x64.Deploy.0 = Release|x64
		{46635FED-39AB-4B4A-831F-13EF3706DCC5}.Release|x86.ActiveCfg = Release|x86
		{46635FED-39AB-4B4A-831F-13EF3706DCC5}.Release|x86.Build.0 = Release|x86
		{46635FED-39AB-4B4A-831F-13EF3706DCC5}.Release|x86.Deploy.0 = Release|x86
	EndGlobalSection
	GlobalSection(SolutionProperties) = preSolution
		HideSolutionNode = FALSE
	EndGlobalSection
EndGlobal
